{
  "version": 4,
  "terraform_version": "1.6.2",
  "serial": 21,
  "lineage": "cffe18d9-7d53-20d5-a133-26308c6ac6d5",
  "outputs": {},
  "resources": [
    {
      "mode": "managed",
      "type": "aws_db_instance",
      "name": "rds",
      "provider": "provider[\"registry.terraform.io/hashicorp/aws\"]",
      "instances": [
        {
          "index_key": "0",
          "schema_version": 1,
          "attributes": {
            "address": "rdsinstance.cudvajm3akhd.us-east-1.rds.amazonaws.com",
            "allocated_storage": 10,
            "allow_major_version_upgrade": null,
            "apply_immediately": false,
            "arn": "arn:aws:rds:us-east-1:043805049749:db:rdsinstance",
            "auto_minor_version_upgrade": false,
            "availability_zone": "us-east-1d",
            "backup_retention_period": 0,
            "backup_window": "10:12-10:42",
            "blue_green_update": [],
            "ca_cert_identifier": "rds-ca-2019",
            "character_set_name": "",
            "copy_tags_to_snapshot": false,
            "custom_iam_instance_profile": "",
            "customer_owned_ip_enabled": false,
            "db_name": "",
            "db_subnet_group_name": "application",
            "delete_automated_backups": true,
            "deletion_protection": false,
            "domain": "",
            "domain_iam_role_name": "",
            "enabled_cloudwatch_logs_exports": null,
            "endpoint": "rdsinstance.cudvajm3akhd.us-east-1.rds.amazonaws.com:3306",
            "engine": "mysql",
            "engine_version": "5.7.44",
            "engine_version_actual": "5.7.44",
            "final_snapshot_identifier": null,
            "hosted_zone_id": "Z2R2ITUGPM61AM",
            "iam_database_authentication_enabled": false,
            "id": "rdsinstance",
            "identifier": "rdsinstance",
            "identifier_prefix": "",
            "instance_class": "db.t3.micro",
            "iops": 0,
            "kms_key_id": "arn:aws:kms:us-east-1:043805049749:key/5ecc37d2-4f85-4f1a-8a68-453823d7da51",
            "latest_restorable_time": "",
            "license_model": "general-public-license",
            "listener_endpoint": [],
            "maintenance_window": "mon:03:20-mon:03:50",
            "manage_master_user_password": null,
            "master_user_secret": [],
            "master_user_secret_kms_key_id": null,
            "max_allocated_storage": 0,
            "monitoring_interval": 0,
            "monitoring_role_arn": "",
            "multi_az": false,
            "name": "",
            "nchar_character_set_name": "",
            "network_type": "IPV4",
            "option_group_name": "default:mysql-5-7",
            "parameter_group_name": "mysql5-7",
            "password": "fcWeWBWDFARc3Eqx7dswY2R7",
            "performance_insights_enabled": false,
            "performance_insights_kms_key_id": "",
            "performance_insights_retention_period": 0,
            "port": 3306,
            "publicly_accessible": false,
            "replica_mode": "",
            "replicas": [],
            "replicate_source_db": "",
            "resource_id": "db-7EH7TKDEGRVWOPDNKP5BXB62YQ",
            "restore_to_point_in_time": [],
            "s3_import": [],
            "security_group_names": null,
            "skip_final_snapshot": true,
            "snapshot_identifier": null,
            "status": "available",
            "storage_encrypted": true,
            "storage_throughput": 0,
            "storage_type": "gp2",
            "tags": {
              "Name": "myrds"
            },
            "tags_all": {
              "Name": "myrds"
            },
            "timeouts": {
              "create": "3h",
              "delete": "3h",
              "update": "3h"
            },
            "timezone": "",
            "username": "rds_user",
            "vpc_security_group_ids": [
              "sg-08efc4d295a134349"
            ]
          },
          "sensitive_attributes": [],
          "private": "eyJlMmJmYjczMC1lY2FhLTExZTYtOGY4OC0zNDM2M2JjN2M0YzAiOnsiY3JlYXRlIjoxMDgwMDAwMDAwMDAwMCwiZGVsZXRlIjoxMDgwMDAwMDAwMDAwMCwidXBkYXRlIjoxMDgwMDAwMDAwMDAwMH0sInNjaGVtYV92ZXJzaW9uIjoiMSJ9",
          "dependencies": [
            "aws_db_parameter_group.params",
            "aws_db_subnet_group.subnet_groups",
            "aws_subnet.subnets",
            "aws_vpc.networks"
          ]
        }
      ]
    },
    {
      "mode": "managed",
      "type": "aws_db_parameter_group",
      "name": "params",
      "provider": "provider[\"registry.terraform.io/hashicorp/aws\"]",
      "instances": [
        {
          "index_key": "0",
          "schema_version": 0,
          "attributes": {
            "arn": "arn:aws:rds:us-east-1:043805049749:pg:mysql5-7",
            "description": "Managed by Terraform",
            "family": "mysql5.7",
            "id": "mysql5-7",
            "name": "mysql5-7",
            "name_prefix": null,
            "parameter": [],
            "tags": {
              "owner": "Simon Jackson",
              "project": "AWS Cloud Fundamentals"
            },
            "tags_all": {
              "owner": "Simon Jackson",
              "project": "AWS Cloud Fundamentals"
            }
          },
          "sensitive_attributes": [],
          "private": "bnVsbA=="
        }
      ]
    },
    {
      "mode": "managed",
      "type": "aws_db_subnet_group",
      "name": "subnet_groups",
      "provider": "provider[\"registry.terraform.io/hashicorp/aws\"]",
      "instances": [
        {
          "index_key": "0",
          "schema_version": 0,
          "attributes": {
            "arn": "arn:aws:rds:us-east-1:043805049749:subgrp:application",
            "description": "rds database backend subnets",
            "id": "application",
            "name": "application",
            "name_prefix": "",
            "subnet_ids": [
              "subnet-0ca676296501b6057",
              "subnet-0eeca1f03cf1e25bc"
            ],
            "supported_network_types": [
              "IPV4"
            ],
            "tags": {
              "owner": "Simon Jackson",
              "project": "AWS Cloud Fundamentals"
            },
            "tags_all": {
              "owner": "Simon Jackson",
              "project": "AWS Cloud Fundamentals"
            },
            "vpc_id": "vpc-01fe90c48e80aa6c2"
          },
          "sensitive_attributes": [],
          "private": "bnVsbA==",
          "dependencies": [
            "aws_subnet.subnets",
            "aws_vpc.networks"
          ]
        }
      ]
    },
    {
      "mode": "managed",
      "type": "aws_eip",
      "name": "eip",
      "provider": "provider[\"registry.terraform.io/hashicorp/aws\"]",
      "instances": [
        {
          "index_key": "0",
          "schema_version": 0,
          "attributes": {
            "address": null,
            "allocation_id": "eipalloc-05328821d00fdb3e5",
            "associate_with_private_ip": null,
            "association_id": "eipassoc-0f3d57d75a34d9110",
            "carrier_ip": "",
            "customer_owned_ip": "",
            "customer_owned_ipv4_pool": "",
            "domain": "vpc",
            "id": "eipalloc-05328821d00fdb3e5",
            "instance": "i-0c62a6c2cedb928e4",
            "network_border_group": "us-east-1",
            "network_interface": "eni-05f600e4b0a8e7d15",
            "private_dns": "ip-10-99-0-207.ec2.internal",
            "private_ip": "10.99.0.207",
            "public_dns": "ec2-35-168-67-205.compute-1.amazonaws.com",
            "public_ip": "35.168.67.205",
            "public_ipv4_pool": "amazon",
            "tags": null,
            "tags_all": {},
            "timeouts": null,
            "vpc": true
          },
          "sensitive_attributes": [],
          "private": "eyJlMmJmYjczMC1lY2FhLTExZTYtOGY4OC0zNDM2M2JjN2M0YzAiOnsiZGVsZXRlIjoxODAwMDAwMDAwMDAsInJlYWQiOjkwMDAwMDAwMDAwMCwidXBkYXRlIjozMDAwMDAwMDAwMDB9fQ==",
          "dependencies": [
            "aws_instance.ec2",
            "aws_internet_gateway.igws",
            "aws_key_pair.rsa",
            "aws_security_group.sg",
            "aws_subnet.subnets",
            "aws_vpc.networks",
            "tls_private_key.rsa"
          ]
        }
      ]
    },
    {
      "mode": "managed",
      "type": "aws_instance",
      "name": "ec2",
      "provider": "provider[\"registry.terraform.io/hashicorp/aws\"]",
      "instances": [
        {
          "index_key": "0",
          "schema_version": 1,
          "attributes": {
            "ami": "ami-0230bd60aa48260c6",
            "arn": "arn:aws:ec2:us-east-1:043805049749:instance/i-0c62a6c2cedb928e4",
            "associate_public_ip_address": false,
            "availability_zone": "us-east-1d",
            "capacity_reservation_specification": [
              {
                "capacity_reservation_preference": "open",
                "capacity_reservation_target": []
              }
            ],
            "cpu_core_count": 1,
            "cpu_options": [
              {
                "amd_sev_snp": "",
                "core_count": 1,
                "threads_per_core": 1
              }
            ],
            "cpu_threads_per_core": 1,
            "credit_specification": [
              {
                "cpu_credits": "standard"
              }
            ],
            "disable_api_stop": false,
            "disable_api_termination": false,
            "ebs_block_device": [],
            "ebs_optimized": false,
            "enclave_options": [
              {
                "enabled": false
              }
            ],
            "ephemeral_block_device": [],
            "get_password_data": false,
            "hibernation": false,
            "host_id": "",
            "host_resource_group_arn": null,
            "iam_instance_profile": "",
            "id": "i-0c62a6c2cedb928e4",
            "instance_initiated_shutdown_behavior": "stop",
            "instance_state": "running",
            "instance_type": "t2.micro",
            "ipv6_address_count": 0,
            "ipv6_addresses": [],
            "key_name": "simon.jackson",
            "launch_template": [],
            "maintenance_options": [
              {
                "auto_recovery": "default"
              }
            ],
            "metadata_options": [
              {
                "http_endpoint": "enabled",
                "http_put_response_hop_limit": 2,
                "http_tokens": "required",
                "instance_metadata_tags": "disabled"
              }
            ],
            "monitoring": false,
            "network_interface": [],
            "outpost_arn": "",
            "password_data": "",
            "placement_group": "",
            "placement_partition_number": 0,
            "primary_network_interface_id": "eni-05f600e4b0a8e7d15",
            "private_dns": "ip-10-99-0-207.ec2.internal",
            "private_dns_name_options": [
              {
                "enable_resource_name_dns_a_record": false,
                "enable_resource_name_dns_aaaa_record": false,
                "hostname_type": "ip-name"
              }
            ],
            "private_ip": "10.99.0.207",
            "public_dns": "",
            "public_ip": "",
            "root_block_device": [
              {
                "delete_on_termination": true,
                "device_name": "/dev/xvda",
                "encrypted": false,
                "iops": 3000,
                "kms_key_id": "",
                "tags": {},
                "throughput": 125,
                "volume_id": "vol-03e0170a93f8c452f",
                "volume_size": 8,
                "volume_type": "gp3"
              }
            ],
            "secondary_private_ips": [],
            "security_groups": [],
            "source_dest_check": true,
            "subnet_id": "subnet-06fa21c5e30a0549c",
            "tags": {
              "Name": "myec2"
            },
            "tags_all": {
              "Name": "myec2"
            },
            "tenancy": "default",
            "timeouts": null,
            "user_data": "7a8e505e6e6307bc5e49609e2c29e1b7a3575de4",
            "user_data_base64": null,
            "user_data_replace_on_change": false,
            "volume_tags": null,
            "vpc_security_group_ids": [
              "sg-0a66a38462aa18572"
            ]
          },
          "sensitive_attributes": [],
          "private": "eyJlMmJmYjczMC1lY2FhLTExZTYtOGY4OC0zNDM2M2JjN2M0YzAiOnsiY3JlYXRlIjo2MDAwMDAwMDAwMDAsImRlbGV0ZSI6MTIwMDAwMDAwMDAwMCwidXBkYXRlIjo2MDAwMDAwMDAwMDB9LCJzY2hlbWFfdmVyc2lvbiI6IjEifQ==",
          "dependencies": [
            "aws_key_pair.rsa",
            "aws_security_group.sg",
            "aws_subnet.subnets",
            "aws_vpc.networks",
            "tls_private_key.rsa"
          ]
        }
      ]
    },
    {
      "mode": "managed",
      "type": "aws_internet_gateway",
      "name": "igws",
      "provider": "provider[\"registry.terraform.io/hashicorp/aws\"]",
      "instances": [
        {
          "index_key": "0",
          "schema_version": 0,
          "attributes": {
            "arn": "arn:aws:ec2:us-east-1:043805049749:internet-gateway/igw-0c22bc52542f1aba3",
            "id": "igw-0c22bc52542f1aba3",
            "owner_id": "043805049749",
            "tags": {
              "Name": "myigw"
            },
            "tags_all": {
              "Name": "myigw"
            },
            "timeouts": null,
            "vpc_id": "vpc-01fe90c48e80aa6c2"
          },
          "sensitive_attributes": [],
          "private": "eyJlMmJmYjczMC1lY2FhLTExZTYtOGY4OC0zNDM2M2JjN2M0YzAiOnsiY3JlYXRlIjoxMjAwMDAwMDAwMDAwLCJkZWxldGUiOjEyMDAwMDAwMDAwMDAsInVwZGF0ZSI6MTIwMDAwMDAwMDAwMH19",
          "dependencies": [
            "aws_vpc.networks"
          ]
        }
      ]
    },
    {
      "mode": "managed",
      "type": "aws_key_pair",
      "name": "rsa",
      "provider": "provider[\"registry.terraform.io/hashicorp/aws\"]",
      "instances": [
        {
          "index_key": "0",
          "schema_version": 1,
          "attributes": {
            "arn": "arn:aws:ec2:us-east-1:043805049749:key-pair/simon.jackson",
            "fingerprint": "5d:5b:dd:fd:7d:33:57:18:82:ac:44:d2:86:db:42:b7",
            "id": "simon.jackson",
            "key_name": "simon.jackson",
            "key_name_prefix": "",
            "key_pair_id": "key-03375d9407df3b1eb",
            "key_type": "rsa",
            "public_key": "ssh-rsa AAAAB3NzaC1yc2EAAAADAQABAAABAQCwprdZ0WBopnzlgVZgamvtgINq++t625bSI9g1+rpUlUkfQbv+fZoOxrC3LqMRMG3CGemiCyBTzme18vOuVmWDpwwc0swwJVXMtn2e08Ob25yMJlsqGPJezlk/gSJJjQAb0ms0hF4Kq/hboSGXPLad9nciIRpwGz2rsXyNiJXF5F1Th7PxNnz1+fcYdH7X48qTN2ObRqakQuBOISOUpFzPW9zk8vfnc0VmDX4WnTyqerUcmBvaz62wUw/Hnsm6ueN39TYLHX+b7AP31TkFCHm93ZyAjFBRsb2SbAYcB8xwD2GJxU0QzMgrmhqB2cRZrZPtWkHmUukQWG7Cy5Dl4Zgt",
            "tags": null,
            "tags_all": {}
          },
          "sensitive_attributes": [],
          "private": "eyJzY2hlbWFfdmVyc2lvbiI6IjEifQ==",
          "dependencies": [
            "tls_private_key.rsa"
          ]
        }
      ]
    },
    {
      "mode": "managed",
      "type": "aws_route_table",
      "name": "route_tables",
      "provider": "provider[\"registry.terraform.io/hashicorp/aws\"]",
      "instances": [
        {
          "index_key": "0",
          "schema_version": 0,
          "attributes": {
            "arn": "arn:aws:ec2:us-east-1:043805049749:route-table/rtb-0229037257cec4ca9",
            "id": "rtb-0229037257cec4ca9",
            "owner_id": "043805049749",
            "propagating_vgws": [],
            "route": [
              {
                "carrier_gateway_id": "",
                "cidr_block": "0.0.0.0/0",
                "core_network_arn": "",
                "destination_prefix_list_id": "",
                "egress_only_gateway_id": "",
                "gateway_id": "igw-0c22bc52542f1aba3",
                "instance_id": "",
                "ipv6_cidr_block": "",
                "local_gateway_id": "",
                "nat_gateway_id": "",
                "network_interface_id": "",
                "transit_gateway_id": "",
                "vpc_endpoint_id": "",
                "vpc_peering_connection_id": ""
              }
            ],
            "tags": {
              "Name": "public"
            },
            "tags_all": {
              "Name": "public"
            },
            "timeouts": null,
            "vpc_id": "vpc-01fe90c48e80aa6c2"
          },
          "sensitive_attributes": [],
          "private": "eyJlMmJmYjczMC1lY2FhLTExZTYtOGY4OC0zNDM2M2JjN2M0YzAiOnsiY3JlYXRlIjozMDAwMDAwMDAwMDAsImRlbGV0ZSI6MzAwMDAwMDAwMDAwLCJ1cGRhdGUiOjEyMDAwMDAwMDAwMH19",
          "dependencies": [
            "aws_internet_gateway.igws",
            "aws_vpc.networks"
          ]
        },
        {
          "index_key": "1",
          "schema_version": 0,
          "attributes": {
            "arn": "arn:aws:ec2:us-east-1:043805049749:route-table/rtb-0f5de23eb228f6c5d",
            "id": "rtb-0f5de23eb228f6c5d",
            "owner_id": "043805049749",
            "propagating_vgws": [],
            "route": [],
            "tags": {
              "Name": "private"
            },
            "tags_all": {
              "Name": "private"
            },
            "timeouts": null,
            "vpc_id": "vpc-01fe90c48e80aa6c2"
          },
          "sensitive_attributes": [],
          "private": "eyJlMmJmYjczMC1lY2FhLTExZTYtOGY4OC0zNDM2M2JjN2M0YzAiOnsiY3JlYXRlIjozMDAwMDAwMDAwMDAsImRlbGV0ZSI6MzAwMDAwMDAwMDAwLCJ1cGRhdGUiOjEyMDAwMDAwMDAwMH19",
          "dependencies": [
            "aws_internet_gateway.igws",
            "aws_vpc.networks"
          ]
        }
      ]
    },
    {
      "mode": "managed",
      "type": "aws_route_table_association",
      "name": "route_table_associations",
      "provider": "provider[\"registry.terraform.io/hashicorp/aws\"]",
      "instances": [
        {
          "index_key": "0-0",
          "schema_version": 0,
          "attributes": {
            "gateway_id": "",
            "id": "rtbassoc-0af98896205b42882",
            "route_table_id": "rtb-0229037257cec4ca9",
            "subnet_id": "subnet-06fa21c5e30a0549c",
            "timeouts": null
          },
          "sensitive_attributes": [],
          "private": "eyJlMmJmYjczMC1lY2FhLTExZTYtOGY4OC0zNDM2M2JjN2M0YzAiOnsiY3JlYXRlIjozMDAwMDAwMDAwMDAsImRlbGV0ZSI6MzAwMDAwMDAwMDAwLCJ1cGRhdGUiOjEyMDAwMDAwMDAwMH19",
          "dependencies": [
            "aws_internet_gateway.igws",
            "aws_route_table.route_tables",
            "aws_subnet.subnets",
            "aws_vpc.networks"
          ]
        },
        {
          "index_key": "0-1",
          "schema_version": 0,
          "attributes": {
            "gateway_id": "",
            "id": "rtbassoc-041985e20e90b9088",
            "route_table_id": "rtb-0f5de23eb228f6c5d",
            "subnet_id": "subnet-0eeca1f03cf1e25bc",
            "timeouts": null
          },
          "sensitive_attributes": [],
          "private": "eyJlMmJmYjczMC1lY2FhLTExZTYtOGY4OC0zNDM2M2JjN2M0YzAiOnsiY3JlYXRlIjozMDAwMDAwMDAwMDAsImRlbGV0ZSI6MzAwMDAwMDAwMDAwLCJ1cGRhdGUiOjEyMDAwMDAwMDAwMH19",
          "dependencies": [
            "aws_internet_gateway.igws",
            "aws_route_table.route_tables",
            "aws_subnet.subnets",
            "aws_vpc.networks"
          ]
        },
        {
          "index_key": "0-2",
          "schema_version": 0,
          "attributes": {
            "gateway_id": "",
            "id": "rtbassoc-0b18e0cd042ae98c1",
            "route_table_id": "rtb-0f5de23eb228f6c5d",
            "subnet_id": "subnet-0ca676296501b6057",
            "timeouts": null
          },
          "sensitive_attributes": [],
          "private": "eyJlMmJmYjczMC1lY2FhLTExZTYtOGY4OC0zNDM2M2JjN2M0YzAiOnsiY3JlYXRlIjozMDAwMDAwMDAwMDAsImRlbGV0ZSI6MzAwMDAwMDAwMDAwLCJ1cGRhdGUiOjEyMDAwMDAwMDAwMH19",
          "dependencies": [
            "aws_internet_gateway.igws",
            "aws_route_table.route_tables",
            "aws_subnet.subnets",
            "aws_vpc.networks"
          ]
        }
      ]
    },
    {
      "mode": "managed",
      "type": "aws_security_group",
      "name": "sg",
      "provider": "provider[\"registry.terraform.io/hashicorp/aws\"]",
      "instances": [
        {
          "index_key": "0",
          "schema_version": 1,
          "attributes": {
            "arn": "arn:aws:ec2:us-east-1:043805049749:security-group/sg-0a66a38462aa18572",
            "description": "Managed by Terraform",
            "egress": [
              {
                "cidr_blocks": [
                  "0.0.0.0/0"
                ],
                "description": "",
                "from_port": 0,
                "ipv6_cidr_blocks": [],
                "prefix_list_ids": [],
                "protocol": "tcp",
                "security_groups": [],
                "self": false,
                "to_port": 3306
              },
              {
                "cidr_blocks": [
                  "0.0.0.0/0"
                ],
                "description": "",
                "from_port": 0,
                "ipv6_cidr_blocks": [],
                "prefix_list_ids": [],
                "protocol": "tcp",
                "security_groups": [],
                "self": false,
                "to_port": 443
              },
              {
                "cidr_blocks": [
                  "0.0.0.0/0"
                ],
                "description": "",
                "from_port": 0,
                "ipv6_cidr_blocks": [],
                "prefix_list_ids": [],
                "protocol": "tcp",
                "security_groups": [],
                "self": false,
                "to_port": 80
              },
              {
                "cidr_blocks": [
                  "0.0.0.0/0"
                ],
                "description": "",
                "from_port": 0,
                "ipv6_cidr_blocks": [],
                "prefix_list_ids": [],
                "protocol": "udp",
                "security_groups": [],
                "self": false,
                "to_port": 123
              },
              {
                "cidr_blocks": [
                  "0.0.0.0/0"
                ],
                "description": "",
                "from_port": 0,
                "ipv6_cidr_blocks": [],
                "prefix_list_ids": [],
                "protocol": "udp",
                "security_groups": [],
                "self": false,
                "to_port": 53
              }
            ],
            "id": "sg-0a66a38462aa18572",
            "ingress": [
              {
                "cidr_blocks": [
                  "0.0.0.0/0"
                ],
                "description": "",
                "from_port": 0,
                "ipv6_cidr_blocks": [],
                "prefix_list_ids": [],
                "protocol": "tcp",
                "security_groups": [],
                "self": false,
                "to_port": 443
              },
              {
                "cidr_blocks": [
                  "0.0.0.0/0"
                ],
                "description": "",
                "from_port": 0,
                "ipv6_cidr_blocks": [],
                "prefix_list_ids": [],
                "protocol": "tcp",
                "security_groups": [],
                "self": false,
                "to_port": 80
              },
              {
                "cidr_blocks": [
                  "51.6.187.152/32"
                ],
                "description": "",
                "from_port": 0,
                "ipv6_cidr_blocks": [],
                "prefix_list_ids": [],
                "protocol": "tcp",
                "security_groups": [],
                "self": false,
                "to_port": 22
              }
            ],
            "name": "terraform-20231204234000906400000002",
            "name_prefix": "terraform-",
            "owner_id": "043805049749",
            "revoke_rules_on_delete": false,
            "tags": {
              "owner": "Simon Jackson",
              "project": "AWS Cloud Fundamentals"
            },
            "tags_all": {
              "owner": "Simon Jackson",
              "project": "AWS Cloud Fundamentals"
            },
            "timeouts": null,
            "vpc_id": "vpc-01fe90c48e80aa6c2"
          },
          "sensitive_attributes": [],
          "private": "eyJlMmJmYjczMC1lY2FhLTExZTYtOGY4OC0zNDM2M2JjN2M0YzAiOnsiY3JlYXRlIjo2MDAwMDAwMDAwMDAsImRlbGV0ZSI6OTAwMDAwMDAwMDAwfSwic2NoZW1hX3ZlcnNpb24iOiIxIn0=",
          "dependencies": [
            "aws_vpc.networks"
          ]
        },
        {
          "index_key": "1",
          "schema_version": 1,
          "attributes": {
            "arn": "arn:aws:ec2:us-east-1:043805049749:security-group/sg-0ce8990bf898b51fb",
            "description": "Managed by Terraform",
            "egress": [
              {
                "cidr_blocks": [
                  "0.0.0.0/0"
                ],
                "description": "",
                "from_port": 0,
                "ipv6_cidr_blocks": [],
                "prefix_list_ids": [],
                "protocol": "tcp",
                "security_groups": [],
                "self": false,
                "to_port": 443
              },
              {
                "cidr_blocks": [
                  "0.0.0.0/0"
                ],
                "description": "",
                "from_port": 0,
                "ipv6_cidr_blocks": [],
                "prefix_list_ids": [],
                "protocol": "tcp",
                "security_groups": [],
                "self": false,
                "to_port": 80
              },
              {
                "cidr_blocks": [
                  "0.0.0.0/0"
                ],
                "description": "",
                "from_port": 0,
                "ipv6_cidr_blocks": [],
                "prefix_list_ids": [],
                "protocol": "udp",
                "security_groups": [],
                "self": false,
                "to_port": 123
              },
              {
                "cidr_blocks": [
                  "0.0.0.0/0"
                ],
                "description": "",
                "from_port": 0,
                "ipv6_cidr_blocks": [],
                "prefix_list_ids": [],
                "protocol": "udp",
                "security_groups": [],
                "self": false,
                "to_port": 53
              }
            ],
            "id": "sg-0ce8990bf898b51fb",
            "ingress": [
              {
                "cidr_blocks": [
                  "10.99.0.0/24"
                ],
                "description": "",
                "from_port": 0,
                "ipv6_cidr_blocks": [],
                "prefix_list_ids": [],
                "protocol": "tcp",
                "security_groups": [],
                "self": false,
                "to_port": 3306
              }
            ],
            "name": "terraform-20231204234000902600000001",
            "name_prefix": "terraform-",
            "owner_id": "043805049749",
            "revoke_rules_on_delete": false,
            "tags": {
              "owner": "Simon Jackson",
              "project": "AWS Cloud Fundamentals"
            },
            "tags_all": {
              "owner": "Simon Jackson",
              "project": "AWS Cloud Fundamentals"
            },
            "timeouts": null,
            "vpc_id": "vpc-01fe90c48e80aa6c2"
          },
          "sensitive_attributes": [],
          "private": "eyJlMmJmYjczMC1lY2FhLTExZTYtOGY4OC0zNDM2M2JjN2M0YzAiOnsiY3JlYXRlIjo2MDAwMDAwMDAwMDAsImRlbGV0ZSI6OTAwMDAwMDAwMDAwfSwic2NoZW1hX3ZlcnNpb24iOiIxIn0=",
          "dependencies": [
            "aws_vpc.networks"
          ]
        }
      ]
    },
    {
      "mode": "managed",
      "type": "aws_subnet",
      "name": "subnets",
      "provider": "provider[\"registry.terraform.io/hashicorp/aws\"]",
      "instances": [
        {
          "index_key": "0-0",
          "schema_version": 1,
          "attributes": {
            "arn": "arn:aws:ec2:us-east-1:043805049749:subnet/subnet-06fa21c5e30a0549c",
            "assign_ipv6_address_on_creation": false,
            "availability_zone": "us-east-1d",
            "availability_zone_id": "use1-az4",
            "cidr_block": "10.99.0.0/24",
            "customer_owned_ipv4_pool": "",
            "enable_dns64": false,
            "enable_lni_at_device_index": 0,
            "enable_resource_name_dns_a_record_on_launch": false,
            "enable_resource_name_dns_aaaa_record_on_launch": false,
            "id": "subnet-06fa21c5e30a0549c",
            "ipv6_cidr_block": "",
            "ipv6_cidr_block_association_id": "",
            "ipv6_native": false,
            "map_customer_owned_ip_on_launch": false,
            "map_public_ip_on_launch": false,
            "outpost_arn": "",
            "owner_id": "043805049749",
            "private_dns_hostname_type_on_launch": "ip-name",
            "tags": {
              "owner": "Simon Jackson",
              "project": "AWS Cloud Fundamentals"
            },
            "tags_all": {
              "owner": "Simon Jackson",
              "project": "AWS Cloud Fundamentals"
            },
            "timeouts": null,
            "vpc_id": "vpc-01fe90c48e80aa6c2"
          },
          "sensitive_attributes": [],
          "private": "eyJlMmJmYjczMC1lY2FhLTExZTYtOGY4OC0zNDM2M2JjN2M0YzAiOnsiY3JlYXRlIjo2MDAwMDAwMDAwMDAsImRlbGV0ZSI6MTIwMDAwMDAwMDAwMH0sInNjaGVtYV92ZXJzaW9uIjoiMSJ9",
          "dependencies": [
            "aws_vpc.networks"
          ]
        },
        {
          "index_key": "0-1",
          "schema_version": 1,
          "attributes": {
            "arn": "arn:aws:ec2:us-east-1:043805049749:subnet/subnet-0eeca1f03cf1e25bc",
            "assign_ipv6_address_on_creation": false,
            "availability_zone": "us-east-1d",
            "availability_zone_id": "use1-az4",
            "cidr_block": "10.99.1.0/24",
            "customer_owned_ipv4_pool": "",
            "enable_dns64": false,
            "enable_lni_at_device_index": 0,
            "enable_resource_name_dns_a_record_on_launch": false,
            "enable_resource_name_dns_aaaa_record_on_launch": false,
            "id": "subnet-0eeca1f03cf1e25bc",
            "ipv6_cidr_block": "",
            "ipv6_cidr_block_association_id": "",
            "ipv6_native": false,
            "map_customer_owned_ip_on_launch": false,
            "map_public_ip_on_launch": false,
            "outpost_arn": "",
            "owner_id": "043805049749",
            "private_dns_hostname_type_on_launch": "ip-name",
            "tags": {
              "owner": "Simon Jackson",
              "project": "AWS Cloud Fundamentals"
            },
            "tags_all": {
              "owner": "Simon Jackson",
              "project": "AWS Cloud Fundamentals"
            },
            "timeouts": null,
            "vpc_id": "vpc-01fe90c48e80aa6c2"
          },
          "sensitive_attributes": [],
          "private": "eyJlMmJmYjczMC1lY2FhLTExZTYtOGY4OC0zNDM2M2JjN2M0YzAiOnsiY3JlYXRlIjo2MDAwMDAwMDAwMDAsImRlbGV0ZSI6MTIwMDAwMDAwMDAwMH0sInNjaGVtYV92ZXJzaW9uIjoiMSJ9",
          "dependencies": [
            "aws_vpc.networks"
          ]
        },
        {
          "index_key": "0-2",
          "schema_version": 1,
          "attributes": {
            "arn": "arn:aws:ec2:us-east-1:043805049749:subnet/subnet-0ca676296501b6057",
            "assign_ipv6_address_on_creation": false,
            "availability_zone": "us-east-1b",
            "availability_zone_id": "use1-az1",
            "cidr_block": "10.99.2.0/24",
            "customer_owned_ipv4_pool": "",
            "enable_dns64": false,
            "enable_lni_at_device_index": 0,
            "enable_resource_name_dns_a_record_on_launch": false,
            "enable_resource_name_dns_aaaa_record_on_launch": false,
            "id": "subnet-0ca676296501b6057",
            "ipv6_cidr_block": "",
            "ipv6_cidr_block_association_id": "",
            "ipv6_native": false,
            "map_customer_owned_ip_on_launch": false,
            "map_public_ip_on_launch": false,
            "outpost_arn": "",
            "owner_id": "043805049749",
            "private_dns_hostname_type_on_launch": "ip-name",
            "tags": {
              "owner": "Simon Jackson",
              "project": "AWS Cloud Fundamentals"
            },
            "tags_all": {
              "owner": "Simon Jackson",
              "project": "AWS Cloud Fundamentals"
            },
            "timeouts": null,
            "vpc_id": "vpc-01fe90c48e80aa6c2"
          },
          "sensitive_attributes": [],
          "private": "eyJlMmJmYjczMC1lY2FhLTExZTYtOGY4OC0zNDM2M2JjN2M0YzAiOnsiY3JlYXRlIjo2MDAwMDAwMDAwMDAsImRlbGV0ZSI6MTIwMDAwMDAwMDAwMH0sInNjaGVtYV92ZXJzaW9uIjoiMSJ9",
          "dependencies": [
            "aws_vpc.networks"
          ]
        }
      ]
    },
    {
      "mode": "managed",
      "type": "aws_vpc",
      "name": "networks",
      "provider": "provider[\"registry.terraform.io/hashicorp/aws\"]",
      "instances": [
        {
          "index_key": "0",
          "schema_version": 1,
          "attributes": {
            "arn": "arn:aws:ec2:us-east-1:043805049749:vpc/vpc-01fe90c48e80aa6c2",
            "assign_generated_ipv6_cidr_block": false,
            "cidr_block": "10.99.0.0/16",
            "default_network_acl_id": "acl-0a5cca19bb552102e",
            "default_route_table_id": "rtb-03bc2a2371b362a4b",
            "default_security_group_id": "sg-08efc4d295a134349",
            "dhcp_options_id": "dopt-0b437286bffe11aa9",
            "enable_classiclink": false,
            "enable_classiclink_dns_support": false,
            "enable_dns_hostnames": true,
            "enable_dns_support": true,
            "enable_network_address_usage_metrics": false,
            "id": "vpc-01fe90c48e80aa6c2",
            "instance_tenancy": "default",
            "ipv4_ipam_pool_id": null,
            "ipv4_netmask_length": null,
            "ipv6_association_id": "",
            "ipv6_cidr_block": "",
            "ipv6_cidr_block_network_border_group": "",
            "ipv6_ipam_pool_id": "",
            "ipv6_netmask_length": 0,
            "main_route_table_id": "rtb-03bc2a2371b362a4b",
            "owner_id": "043805049749",
            "tags": {
              "Name": "myvpc"
            },
            "tags_all": {
              "Name": "myvpc"
            }
          },
          "sensitive_attributes": [],
          "private": "eyJzY2hlbWFfdmVyc2lvbiI6IjEifQ=="
        }
      ]
    },
    {
      "mode": "managed",
      "type": "null_resource",
      "name": "test-rsa-key",
      "provider": "provider[\"registry.terraform.io/hashicorp/null\"]",
      "instances": [
        {
          "index_key": "0",
          "schema_version": 0,
          "attributes": {
            "id": "7652006081739649226",
            "triggers": null
          },
          "sensitive_attributes": [],
          "dependencies": [
            "aws_eip.eip",
            "aws_instance.ec2",
            "aws_internet_gateway.igws",
            "aws_key_pair.rsa",
            "aws_security_group.sg",
            "aws_subnet.subnets",
            "aws_vpc.networks",
            "tls_private_key.rsa"
          ]
        }
      ]
    },
    {
      "mode": "managed",
      "type": "tls_private_key",
      "name": "rsa",
      "provider": "provider[\"registry.terraform.io/hashicorp/tls\"]",
      "instances": [
        {
          "index_key": "0",
          "schema_version": 1,
          "attributes": {
            "algorithm": "RSA",
            "ecdsa_curve": "P224",
            "id": "b811d3fd280db40e8b2d1d4b8d71bfc155806556",
            "private_key_openssh": "-----BEGIN OPENSSH PRIVATE KEY-----\nb3BlbnNzaC1rZXktdjEAAAAABG5vbmUAAAAEbm9uZQAAAAAAAAABAAABFwAAAAdz\nc2gtcnNhAAAAAwEAAQAAAQEAsKa3WdFgaKZ85YFWYGpr7YCDavvretuW0iPYNfq6\nVJVJH0G7/n2aDsawty6jETBtwhnpogsgU85ntfLzrlZlg6cMHNLMMCVVzLZ9ntPD\nm9ucjCZbKhjyXs5ZP4EiSY0AG9JrNIReCqv4W6Ehlzy2nfZ3IiEacBs9q7F8jYiV\nxeRdU4ez8TZ89fn3GHR+1+PKkzdjm0ampELgTiEjlKRcz1vc5PL353NFZg1+Fp08\nqnq1HJgb2s+tsFMPx57Jurnjd/U2Cx1/m+wD99U5BQh5vd2cgIxQUbG9kmwGHAfM\ncA9hicVNEMzIK5oagdnEWa2T7VpB5lLpEFhuwsuQ5eGYLQAAA7h/hEVLf4RFSwAA\nAAdzc2gtcnNhAAABAQCwprdZ0WBopnzlgVZgamvtgINq++t625bSI9g1+rpUlUkf\nQbv+fZoOxrC3LqMRMG3CGemiCyBTzme18vOuVmWDpwwc0swwJVXMtn2e08Ob25yM\nJlsqGPJezlk/gSJJjQAb0ms0hF4Kq/hboSGXPLad9nciIRpwGz2rsXyNiJXF5F1T\nh7PxNnz1+fcYdH7X48qTN2ObRqakQuBOISOUpFzPW9zk8vfnc0VmDX4WnTyqerUc\nmBvaz62wUw/Hnsm6ueN39TYLHX+b7AP31TkFCHm93ZyAjFBRsb2SbAYcB8xwD2GJ\nxU0QzMgrmhqB2cRZrZPtWkHmUukQWG7Cy5Dl4ZgtAAAAAwEAAQAAAQEApu8lXW+L\nV9ndNVUgN0TacTp89mDSiutwf2z4KSqjYsMgsrT/3uL67vO8k58y4k+NqVureUJi\nblAjmcHZnepvTBZUT/i0lNrzVd0uoSUlOOgz7A1jIUkp4YXGuUhjCnaAn8odHSfp\nZtRUguKmR7FMMcJzmoEF5uMXSGUVevqT7sjoGnhlee2Qf3JyKdWi5jyg4nq0TPJz\nHHtqvstblyFYuNTtbCEHpz0nfe+pG7Iyo8n7kIP+m03Ba6h3VR3J2fWNPxOzWVp9\nup96rcvRpIwb3olCQTaQX+p526yFFKlTD1j/mnEUwsdhFe6ZzG10ZupifM5L9Emz\nqZqCjQql3ToJAQAAAIByzk+7jKrxPXZ4RMma0QY5E9MIztbXqbsQUQeG5kT4F3HO\nXuXTynf/ukMG2dLt8EdQ2FgLigjuDN183Ot7kcllDAHlMWEkymawzhPd068qwgM9\n8JmdgBcjA/QdEA6EWmBMnVR32jyHUwzq68+Agt2vJx6nY9z9d+6GOhL4O97RQAAA\nAIEAwqx8r5tny8OXRKThkZLFOxO0nCkwKDtX7WcwvhCo2RN4Eu4+LfUm+ZubKcDc\nn9Sy7qIrXoYqKjqXUS98E4gSaA9bURjd8HabtkLclD+flMmLZAkIiY3UYRcweRbc\ngjn3lGWW62WmxryKzRCBfpX482x1CepSOREvHNXZL8WFfZ0AAACBAOhMzAWIVw6H\nT1QsA7Q6MTLC1w8sOB/OIUzW4CZpGAlrxkQU1olDaWsLWNqlPEd+WDinTPKj2Br5\nWtdjnj5TVBHq2qpgqA87aj2MNDgKUTtq6rI/fkfOBX/F7LIifa5n+gLMHeqsCm1Q\ngXkDucnFwsZFZuCS1oI/0WPiNgrI9cfRAAAAAAEC\n-----END OPENSSH PRIVATE KEY-----\n",
            "private_key_pem": "-----BEGIN RSA PRIVATE KEY-----\nMIIEpAIBAAKCAQEAsKa3WdFgaKZ85YFWYGpr7YCDavvretuW0iPYNfq6VJVJH0G7\n/n2aDsawty6jETBtwhnpogsgU85ntfLzrlZlg6cMHNLMMCVVzLZ9ntPDm9ucjCZb\nKhjyXs5ZP4EiSY0AG9JrNIReCqv4W6Ehlzy2nfZ3IiEacBs9q7F8jYiVxeRdU4ez\n8TZ89fn3GHR+1+PKkzdjm0ampELgTiEjlKRcz1vc5PL353NFZg1+Fp08qnq1HJgb\n2s+tsFMPx57Jurnjd/U2Cx1/m+wD99U5BQh5vd2cgIxQUbG9kmwGHAfMcA9hicVN\nEMzIK5oagdnEWa2T7VpB5lLpEFhuwsuQ5eGYLQIDAQABAoIBAQCm7yVdb4tX2d01\nVSA3RNpxOnz2YNKK63B/bPgpKqNiwyCytP/e4vru87yTnzLiT42pW6t5QmJuUCOZ\nwdmd6m9MFlRP+LSU2vNV3S6hJSU46DPsDWMhSSnhhca5SGMKdoCfyh0dJ+lm1FSC\n4qZHsUwxwnOagQXm4xdIZRV6+pPuyOgaeGV57ZB/cnIp1aLmPKDierRM8nMce2q+\ny1uXIVi41O1sIQenPSd976kbsjKjyfuQg/6bTcFrqHdVHcnZ9Y0/E7NZWn26n3qt\ny9GkjBveiUJBNpBf6nnbrIUUqVMPWP+acRTCx2EV7pnMbXRm6mJ8zkv0SbOpmoKN\nCqXdOgkBAoGBAMKsfK+bZ8vDl0Sk4ZGSxTsTtJwpMCg7V+1nML4QqNkTeBLuPi31\nJvmbmynA3J/Usu6iK16GKio6l1EvfBOIEmgPW1EY3fB2m7ZC3JQ/n5TJi2QJCImN\n1GEXMHkW3II595Rllutlpsa8is0QgX6V+PNsdQnqUjkRLxzV2S/FhX2dAoGBAOhM\nzAWIVw6HT1QsA7Q6MTLC1w8sOB/OIUzW4CZpGAlrxkQU1olDaWsLWNqlPEd+WDin\nTPKj2Br5Wtdjnj5TVBHq2qpgqA87aj2MNDgKUTtq6rI/fkfOBX/F7LIifa5n+gLM\nHeqsCm1QgXkDucnFwsZFZuCS1oI/0WPiNgrI9cfRAoGBAK+MD1vjzbOnis7xyB8X\ntRdS67kuQyjkaqPAO+oI59nofozDnfqfaSgJM+Bw9AKFMV2Ti3xPi9JMx4sEQOTz\n/XUs8/GrdOeUbVHr9TESNntbS4FHzBUOeoea+7EV9n7QevusqG1ZWw03lArbaYqW\n/smz8c6hKMghQNTF2nYDrh7ZAoGAONG//YJxuM4D61Swuz6Ylg/uRnnMaIskvgS4\n4uxFwtgnsLNgHkbs3A/0ddaAvgP7VDAntBm7XC2tuI1XQWtkXtWREqd9s+wWemN2\nylZLtDrcmSjKnImZ8rzYvmGNWEF6d4CxuJrIGiDc6lqs8Nt8Xr7PARMpgMZXUxUb\nntu0smECgYByzk+7jKrxPXZ4RMma0QY5E9MIztbXqbsQUQeG5kT4F3HOXuXTynf/\nukMG2dLt8EdQ2FgLigjuDN183Ot7kcllDAHlMWEkymawzhPd068qwgM98JmdgBcj\nA/QdEA6EWmBMnVR32jyHUwzq68+Agt2vJx6nY9z9d+6GOhL4O97RQA==\n-----END RSA PRIVATE KEY-----\n",
            "private_key_pem_pkcs8": "-----BEGIN PRIVATE KEY-----\nMIIEvgIBADANBgkqhkiG9w0BAQEFAASCBKgwggSkAgEAAoIBAQCwprdZ0WBopnzl\ngVZgamvtgINq++t625bSI9g1+rpUlUkfQbv+fZoOxrC3LqMRMG3CGemiCyBTzme1\n8vOuVmWDpwwc0swwJVXMtn2e08Ob25yMJlsqGPJezlk/gSJJjQAb0ms0hF4Kq/hb\noSGXPLad9nciIRpwGz2rsXyNiJXF5F1Th7PxNnz1+fcYdH7X48qTN2ObRqakQuBO\nISOUpFzPW9zk8vfnc0VmDX4WnTyqerUcmBvaz62wUw/Hnsm6ueN39TYLHX+b7AP3\n1TkFCHm93ZyAjFBRsb2SbAYcB8xwD2GJxU0QzMgrmhqB2cRZrZPtWkHmUukQWG7C\ny5Dl4ZgtAgMBAAECggEBAKbvJV1vi1fZ3TVVIDdE2nE6fPZg0orrcH9s+Ckqo2LD\nILK0/97i+u7zvJOfMuJPjalbq3lCYm5QI5nB2Z3qb0wWVE/4tJTa81XdLqElJTjo\nM+wNYyFJKeGFxrlIYwp2gJ/KHR0n6WbUVILipkexTDHCc5qBBebjF0hlFXr6k+7I\n6Bp4ZXntkH9ycinVouY8oOJ6tEzycxx7ar7LW5chWLjU7WwhB6c9J33vqRuyMqPJ\n+5CD/ptNwWuod1Udydn1jT8Ts1lafbqfeq3L0aSMG96JQkE2kF/qedushRSpUw9Y\n/5pxFMLHYRXumcxtdGbqYnzOS/RJs6mago0Kpd06CQECgYEAwqx8r5tny8OXRKTh\nkZLFOxO0nCkwKDtX7WcwvhCo2RN4Eu4+LfUm+ZubKcDcn9Sy7qIrXoYqKjqXUS98\nE4gSaA9bURjd8HabtkLclD+flMmLZAkIiY3UYRcweRbcgjn3lGWW62WmxryKzRCB\nfpX482x1CepSOREvHNXZL8WFfZ0CgYEA6EzMBYhXDodPVCwDtDoxMsLXDyw4H84h\nTNbgJmkYCWvGRBTWiUNpawtY2qU8R35YOKdM8qPYGvla12OePlNUEeraqmCoDztq\nPYw0OApRO2rqsj9+R84Ff8XssiJ9rmf6Aswd6qwKbVCBeQO5ycXCxkVm4JLWgj/R\nY+I2Csj1x9ECgYEAr4wPW+PNs6eKzvHIHxe1F1LruS5DKORqo8A76gjn2eh+jMOd\n+p9pKAkz4HD0AoUxXZOLfE+L0kzHiwRA5PP9dSzz8at055RtUev1MRI2e1tLgUfM\nFQ56h5r7sRX2ftB6+6yobVlbDTeUCttpipb+ybPxzqEoyCFA1MXadgOuHtkCgYA4\n0b/9gnG4zgPrVLC7PpiWD+5GecxoiyS+BLji7EXC2Cews2AeRuzcD/R11oC+A/tU\nMCe0GbtcLa24jVdBa2Re1ZESp32z7BZ6Y3bKVku0OtyZKMqciZnyvNi+YY1YQXp3\ngLG4msgaINzqWqzw23xevs8BEymAxldTFRue27SyYQKBgHLOT7uMqvE9dnhEyZrR\nBjkT0wjO1tepuxBRB4bmRPgXcc5e5dPKd/+6QwbZ0u3wR1DYWAuKCO4M3Xzc63uR\nyWUMAeUxYSTKZrDOE93TryrCAz3wmZ2AFyMD9B0QDoRaYEydVHfaPIdTDOrrz4CC\n3a8nHqdj3P137oY6Evg73tFA\n-----END PRIVATE KEY-----\n",
            "public_key_fingerprint_md5": "90:55:4d:c6:3e:47:ea:04:37:c3:26:8e:5e:f5:ac:0f",
            "public_key_fingerprint_sha256": "SHA256:EIixE813nn0/txK+FC5uNZAQ3LEgX/40rBehs7aQ2zg",
            "public_key_openssh": "ssh-rsa AAAAB3NzaC1yc2EAAAADAQABAAABAQCwprdZ0WBopnzlgVZgamvtgINq++t625bSI9g1+rpUlUkfQbv+fZoOxrC3LqMRMG3CGemiCyBTzme18vOuVmWDpwwc0swwJVXMtn2e08Ob25yMJlsqGPJezlk/gSJJjQAb0ms0hF4Kq/hboSGXPLad9nciIRpwGz2rsXyNiJXF5F1Th7PxNnz1+fcYdH7X48qTN2ObRqakQuBOISOUpFzPW9zk8vfnc0VmDX4WnTyqerUcmBvaz62wUw/Hnsm6ueN39TYLHX+b7AP31TkFCHm93ZyAjFBRsb2SbAYcB8xwD2GJxU0QzMgrmhqB2cRZrZPtWkHmUukQWG7Cy5Dl4Zgt\n",
            "public_key_pem": "-----BEGIN PUBLIC KEY-----\nMIIBIjANBgkqhkiG9w0BAQEFAAOCAQ8AMIIBCgKCAQEAsKa3WdFgaKZ85YFWYGpr\n7YCDavvretuW0iPYNfq6VJVJH0G7/n2aDsawty6jETBtwhnpogsgU85ntfLzrlZl\ng6cMHNLMMCVVzLZ9ntPDm9ucjCZbKhjyXs5ZP4EiSY0AG9JrNIReCqv4W6Ehlzy2\nnfZ3IiEacBs9q7F8jYiVxeRdU4ez8TZ89fn3GHR+1+PKkzdjm0ampELgTiEjlKRc\nz1vc5PL353NFZg1+Fp08qnq1HJgb2s+tsFMPx57Jurnjd/U2Cx1/m+wD99U5BQh5\nvd2cgIxQUbG9kmwGHAfMcA9hicVNEMzIK5oagdnEWa2T7VpB5lLpEFhuwsuQ5eGY\nLQIDAQAB\n-----END PUBLIC KEY-----\n",
            "rsa_bits": 2048
          },
          "sensitive_attributes": []
        }
      ]
    }
  ],
  "check_results": null
}
